# THIS IS AN AUTOGENERATED FILE. DO NOT EDIT THIS FILE DIRECTLY.
# yarn lockfile v1


jquery@^3.2.1:
  version "3.2.1"
  resolved "https://registry.yarnpkg.com/jquery/-/jquery-3.2.1.tgz#5c4d9de652af6cd0a770154a631bba12b015c787"

sgvizler2@^0.0.17:
  version "0.0.17"
  resolved "https://registry.yarnpkg.com/sgvizler2/-/sgvizler2-0.0.17.tgz#a34c4106e6855b84a6d81261dc9dcd7160211011"
  dependencies:
    tslib "^1.7.1"

tslib@^1.7.1:
  version "1.8.0"
  resolved "https://registry.yarnpkg.com/tslib/-/tslib-1.8.0.tgz#dc604ebad64bcbf696d613da6c954aa0e7ea1eb6"
